
Microsoft Visual Studio Solution File, Format Version 12.00
# Visual Studio Version 17
VisualStudioVersion = 17.6.33829.357
MinimumVisualStudioVersion = 10.0.40219.1
Project("{FAE04EC0-301F-11D3-BF4B-00C04F79EFBC}") = "SQLiteWithNETCore", "SQLiteWithNETCore\SQLiteWithNETCore.csproj", "{4D4FC1B4-5E07-4508-9C90-15D3531DDC7B}"
EndProject
Global
	GlobalSection(SolutionConfigurationPlatforms) = preSolution
		Debug|Any CPU = Debug|Any CPU
		Release|Any CPU = Release|Any CPU
	EndGlobalSection
	GlobalSection(ProjectConfigurationPlatforms) = postSolution
		{4D4FC1B4-5E07-4508-9C90-15D3531DDC7B}.Debug|Any CPU.ActiveCfg = Debug|Any CPU
		{4D4FC1B4-5E07-4508-9C90-15D3531DDC7B}.Debug|Any CPU.Build.0 = Debug|Any CPU
		{4D4FC1B4-5E07-4508-9C90-15D3531DDC7B}.Release|Any CPU.ActiveCfg = Release|Any CPU
		{4D4FC1B4-5E07-4508-9C90-15D3531DDC7B}.Release|Any CPU.Build.0 = Release|Any CPU
	EndGlobalSection
	GlobalSection(SolutionProperties) = preSolution
		HideSolutionNode = FALSE
	EndGlobalSection
	GlobalSection(ExtensibilityGlobals) = postSolution
		SolutionGuid = {ADFDB64B-E046-462F-9D19-8E802E9CF9CE}
	EndGlobalSection
EndGlobal
